// !$*UTF8*$!
{
	archiveVersion = 1;
	classes = {
	};
	objectVersion = 77;
	objects = {

/* Begin PBXBuildFile section */
		0813683B0A3651F8C46715C1 /* Pods_Currency_Exchange.framework in Frameworks */ = {isa = PBXBuildFile; fileRef = E0962BDCB528A11D506C94CF /* Pods_Currency_Exchange.framework */; };
/* End PBXBuildFile section */

/* Begin PBXContainerItemProxy section */
		7D204CD02D33C45F00C7B12C /* PBXContainerItemProxy */ = {
			isa = PBXContainerItemProxy;
			containerPortal = 7D204CB12D33C45D00C7B12C /* Project object */;
			proxyType = 1;
			remoteGlobalIDString = 7D204CB82D33C45D00C7B12C;
			remoteInfo = "Currency Exchange";
		};
		7D204CDA2D33C45F00C7B12C /* PBXContainerItemProxy */ = {
			isa = PBXContainerItemProxy;
			containerPortal = 7D204CB12D33C45D00C7B12C /* Project object */;
			proxyType = 1;
			remoteGlobalIDString = 7D204CB82D33C45D00C7B12C;
			remoteInfo = "Currency Exchange";
		};
/* End PBXContainerItemProxy section */

/* Begin PBXFileReference section */
		051B71D8CCB82BAD93C952E7 /* Pods-Currency Exchange.debug.xcconfig */ = {isa = PBXFileReference; includeInIndex = 1; lastKnownFileType = text.xcconfig; name = "Pods-Currency Exchange.debug.xcconfig"; path = "Target Support Files/Pods-Currency Exchange/Pods-Currency Exchange.debug.xcconfig"; sourceTree = "<group>"; };
		4731B926A77E8BE67A770E87 /* Pods-Currency Exchange.release.xcconfig */ = {isa = PBXFileReference; includeInIndex = 1; lastKnownFileType = text.xcconfig; name = "Pods-Currency Exchange.release.xcconfig"; path = "Target Support Files/Pods-Currency Exchange/Pods-Currency Exchange.release.xcconfig"; sourceTree = "<group>"; };
		7D204CB92D33C45D00C7B12C /* Currency Exchange.app */ = {isa = PBXFileReference; explicitFileType = wrapper.application; includeInIndex = 0; path = "Currency Exchange.app"; sourceTree = BUILT_PRODUCTS_DIR; };
		7D204CCF2D33C45F00C7B12C /* Currency ExchangeTests.xctest */ = {isa = PBXFileReference; explicitFileType = wrapper.cfbundle; includeInIndex = 0; path = "Currency ExchangeTests.xctest"; sourceTree = BUILT_PRODUCTS_DIR; };
		7D204CD92D33C45F00C7B12C /* Currency ExchangeUITests.xctest */ = {isa = PBXFileReference; explicitFileType = wrapper.cfbundle; includeInIndex = 0; path = "Currency ExchangeUITests.xctest"; sourceTree = BUILT_PRODUCTS_DIR; };
		E0962BDCB528A11D506C94CF /* Pods_Currency_Exchange.framework */ = {isa = PBXFileReference; explicitFileType = wrapper.framework; includeInIndex = 0; path = Pods_Currency_Exchange.framework; sourceTree = BUILT_PRODUCTS_DIR; };
/* End PBXFileReference section */

/* Begin PBXFileSystemSynchronizedBuildFileExceptionSet section */
		7D204CE12D33C45F00C7B12C /* Exceptions for "Currency Exchange" folder in "Currency Exchange" target */ = {
			isa = PBXFileSystemSynchronizedBuildFileExceptionSet;
			membershipExceptions = (
				Info.plist,
			);
			target = 7D204CB82D33C45D00C7B12C /* Currency Exchange */;
		};
/* End PBXFileSystemSynchronizedBuildFileExceptionSet section */

/* Begin PBXFileSystemSynchronizedRootGroup section */
		7D204CBB2D33C45D00C7B12C /* Currency Exchange */ = {
			isa = PBXFileSystemSynchronizedRootGroup;
			exceptions = (
				7D204CE12D33C45F00C7B12C /* Exceptions for "Currency Exchange" folder in "Currency Exchange" target */,
			);
			path = "Currency Exchange";
			sourceTree = "<group>";
		};
		7D204CD22D33C45F00C7B12C /* Currency ExchangeTests */ = {
			isa = PBXFileSystemSynchronizedRootGroup;
			path = "Currency ExchangeTests";
			sourceTree = "<group>";
		};
		7D204CDC2D33C45F00C7B12C /* Currency ExchangeUITests */ = {
			isa = PBXFileSystemSynchronizedRootGroup;
			path = "Currency ExchangeUITests";
			sourceTree = "<group>";
		};
/* End PBXFileSystemSynchronizedRootGroup section */

/* Begin PBXFrameworksBuildPhase section */
		7D204CB62D33C45D00C7B12C /* Frameworks */ = {
			isa = PBXFrameworksBuildPhase;
			buildActionMask = 2147483647;
			files = (
				0813683B0A3651F8C46715C1 /* Pods_Currency_Exchange.framework in Frameworks */,
			);
			runOnlyForDeploymentPostprocessing = 0;
		};
		7D204CCC2D33C45F00C7B12C /* Frameworks */ = {
			isa = PBXFrameworksBuildPhase;
			buildActionMask = 2147483647;
			files = (
			);
			runOnlyForDeploymentPostprocessing = 0;
		};
		7D204CD62D33C45F00C7B12C /* Frameworks */ = {
			isa = PBXFrameworksBuildPhase;
			buildActionMask = 2147483647;
			files = (
			);
			runOnlyForDeploymentPostprocessing = 0;
		};
/* End PBXFrameworksBuildPhase section */

/* Begin PBXGroup section */
		23679FD23E31E09127ECEC92 /* Pods */ = {
			isa = PBXGroup;
			children = (
				051B71D8CCB82BAD93C952E7 /* Pods-Currency Exchange.debug.xcconfig */,
				4731B926A77E8BE67A770E87 /* Pods-Currency Exchange.release.xcconfig */,
			);
			path = Pods;
			sourceTree = "<group>";
		};
		7D204CB02D33C45D00C7B12C = {
			isa = PBXGroup;
			children = (
				7D204CBB2D33C45D00C7B12C /* Currency Exchange */,
				7D204CD22D33C45F00C7B12C /* Currency ExchangeTests */,
				7D204CDC2D33C45F00C7B12C /* Currency ExchangeUITests */,
				7D204CBA2D33C45D00C7B12C /* Products */,
				23679FD23E31E09127ECEC92 /* Pods */,
				A7A03537709914775D7E5DBF /* Frameworks */,
			);
			sourceTree = "<group>";
		};
		7D204CBA2D33C45D00C7B12C /* Products */ = {
			isa = PBXGroup;
			children = (
				7D204CB92D33C45D00C7B12C /* Currency Exchange.app */,
				7D204CCF2D33C45F00C7B12C /* Currency ExchangeTests.xctest */,
				7D204CD92D33C45F00C7B12C /* Currency ExchangeUITests.xctest */,
			);
			name = Products;
			sourceTree = "<group>";
		};
		A7A03537709914775D7E5DBF /* Frameworks */ = {
			isa = PBXGroup;
			children = (
				E0962BDCB528A11D506C94CF /* Pods_Currency_Exchange.framework */,
			);
			name = Frameworks;
			sourceTree = "<group>";
		};
/* End PBXGroup section */

/* Begin PBXNativeTarget section */
		7D204CB82D33C45D00C7B12C /* Currency Exchange */ = {
			isa = PBXNativeTarget;
			buildConfigurationList = 7D204CE22D33C45F00C7B12C /* Build configuration list for PBXNativeTarget "Currency Exchange" */;
			buildPhases = (
				F9C9E0A4176B363FCBD1557C /* [CP] Check Pods Manifest.lock */,
				7D204CB52D33C45D00C7B12C /* Sources */,
				7D204CB62D33C45D00C7B12C /* Frameworks */,
				7D204CB72D33C45D00C7B12C /* Resources */,
				77AD759A2293CFD102446841 /* [CP] Embed Pods Frameworks */,
			);
			buildRules = (
			);
			dependencies = (
			);
			fileSystemSynchronizedGroups = (
				7D204CBB2D33C45D00C7B12C /* Currency Exchange */,
			);
			name = "Currency Exchange";
			productName = "Currency Exchange";
			productReference = 7D204CB92D33C45D00C7B12C /* Currency Exchange.app */;
			productType = "com.apple.product-type.application";
		};
		7D204CCE2D33C45F00C7B12C /* Currency ExchangeTests */ = {
			isa = PBXNativeTarget;
			buildConfigurationList = 7D204CE72D33C45F00C7B12C /* Build configuration list for PBXNativeTarget "Currency ExchangeTests" */;
			buildPhases = (
				7D204CCB2D33C45F00C7B12C /* Sources */,
				7D204CCC2D33C45F00C7B12C /* Frameworks */,
				7D204CCD2D33C45F00C7B12C /* Resources */,
			);
			buildRules = (
			);
			dependencies = (
				7D204CD12D33C45F00C7B12C /* PBXTargetDependency */,
			);
			fileSystemSynchronizedGroups = (
				7D204CD22D33C45F00C7B12C /* Currency ExchangeTests */,
			);
			name = "Currency ExchangeTests";
			productName = "Currency ExchangeTests";
			productReference = 7D204CCF2D33C45F00C7B12C /* Currency ExchangeTests.xctest */;
			productType = "com.apple.product-type.bundle.unit-test";
		};
		7D204CD82D33C45F00C7B12C /* Currency ExchangeUITests */ = {
			isa = PBXNativeTarget;
			buildConfigurationList = 7D204CEA2D33C45F00C7B12C /* Build configuration list for PBXNativeTarget "Currency ExchangeUITests" */;
			buildPhases = (
				7D204CD52D33C45F00C7B12C /* Sources */,
				7D204CD62D33C45F00C7B12C /* Frameworks */,
				7D204CD72D33C45F00C7B12C /* Resources */,
			);
			buildRules = (
			);
			dependencies = (
				7D204CDB2D33C45F00C7B12C /* PBXTargetDependency */,
			);
			fileSystemSynchronizedGroups = (
				7D204CDC2D33C45F00C7B12C /* Currency ExchangeUITests */,
			);
			name = "Currency ExchangeUITests";
			productName = "Currency ExchangeUITests";
			productReference = 7D204CD92D33C45F00C7B12C /* Currency ExchangeUITests.xctest */;
			productType = "com.apple.product-type.bundle.ui-testing";
		};
/* End PBXNativeTarget section */

/* Begin PBXProject section */
		7D204CB12D33C45D00C7B12C /* Project object */ = {
			isa = PBXProject;
			attributes = {
				BuildIndependentTargetsInParallel = 1;
				LastSwiftUpdateCheck = 1620;
				LastUpgradeCheck = 1620;
				TargetAttributes = {
					7D204CB82D33C45D00C7B12C = {
						CreatedOnToolsVersion = 16.2;
					};
					7D204CCE2D33C45F00C7B12C = {
						CreatedOnToolsVersion = 16.2;
						LastSwiftMigration = 1620;
						TestTargetID = 7D204CB82D33C45D00C7B12C;
					};
					7D204CD82D33C45F00C7B12C = {
						CreatedOnToolsVersion = 16.2;
						TestTargetID = 7D204CB82D33C45D00C7B12C;
					};
				};
			};
			buildConfigurationList = 7D204CB42D33C45D00C7B12C /* Build configuration list for PBXProject "Currency Exchange" */;
			developmentRegion = en;
			hasScannedForEncodings = 0;
			knownRegions = (
				en,
				Base,
			);
			mainGroup = 7D204CB02D33C45D00C7B12C;
			minimizedProjectReferenceProxies = 1;
			preferredProjectObjectVersion = 77;
			productRefGroup = 7D204CBA2D33C45D00C7B12C /* Products */;
			projectDirPath = "";
			projectRoot = "";
			targets = (
				7D204CB82D33C45D00C7B12C /* Currency Exchange */,
				7D204CCE2D33C45F00C7B12C /* Currency ExchangeTests */,
				7D204CD82D33C45F00C7B12C /* Currency ExchangeUITests */,
			);
		};
/* End PBXProject section */

/* Begin PBXResourcesBuildPhase section */
		7D204CB72D33C45D00C7B12C /* Resources */ = {
			isa = PBXResourcesBuildPhase;
			buildActionMask = 2147483647;
			files = (
			);
			runOnlyForDeploymentPostprocessing = 0;
		};
		7D204CCD2D33C45F00C7B12C /* Resources */ = {
			isa = PBXResourcesBuildPhase;
			buildActionMask = 2147483647;
			files = (
			);
			runOnlyForDeploymentPostprocessing = 0;
		};
		7D204CD72D33C45F00C7B12C /* Resources */ = {
			isa = PBXResourcesBuildPhase;
			buildActionMask = 2147483647;
			files = (
			);
			runOnlyForDeploymentPostprocessing = 0;
		};
/* End PBXResourcesBuildPhase section */

/* Begin PBXShellScriptBuildPhase section */
		77AD759A2293CFD102446841 /* [CP] Embed Pods Frameworks */ = {
			isa = PBXShellScriptBuildPhase;
			buildActionMask = 2147483647;
			files = (
			);
			inputFileListPaths = (
				"${PODS_ROOT}/Target Support Files/Pods-Currency Exchange/Pods-Currency Exchange-frameworks-${CONFIGURATION}-input-files.xcfilelist",
			);
			name = "[CP] Embed Pods Frameworks";
			outputFileListPaths = (
				"${PODS_ROOT}/Target Support Files/Pods-Currency Exchange/Pods-Currency Exchange-frameworks-${CONFIGURATION}-output-files.xcfilelist",
			);
			runOnlyForDeploymentPostprocessing = 0;
			shellPath = /bin/sh;
			shellScript = "\"${PODS_ROOT}/Target Support Files/Pods-Currency Exchange/Pods-Currency Exchange-frameworks.sh\"\n";
			showEnvVarsInLog = 0;
		};
		F9C9E0A4176B363FCBD1557C /* [CP] Check Pods Manifest.lock */ = {
			isa = PBXShellScriptBuildPhase;
			buildActionMask = 2147483647;
			files = (
			);
			inputFileListPaths = (
			);
			inputPaths = (
				"${PODS_PODFILE_DIR_PATH}/Podfile.lock",
				"${PODS_ROOT}/Manifest.lock",
			);
			name = "[CP] Check Pods Manifest.lock";
			outputFileListPaths = (
			);
			outputPaths = (
				"$(DERIVED_FILE_DIR)/Pods-Currency Exchange-checkManifestLockResult.txt",
			);
			runOnlyForDeploymentPostprocessing = 0;
			shellPath = /bin/sh;
			shellScript = "diff \"${PODS_PODFILE_DIR_PATH}/Podfile.lock\" \"${PODS_ROOT}/Manifest.lock\" > /dev/null\nif [ $? != 0 ] ; then\n    # print error to STDERR\n    echo \"error: The sandbox is not in sync with the Podfile.lock. Run 'pod install' or update your CocoaPods installation.\" >&2\n    exit 1\nfi\n# This output is used by Xcode 'outputs' to avoid re-running this script phase.\necho \"SUCCESS\" > \"${SCRIPT_OUTPUT_FILE_0}\"\n";
			showEnvVarsInLog = 0;
		};
/* End PBXShellScriptBuildPhase section */

/* Begin PBXSourcesBuildPhase section */
		7D204CB52D33C45D00C7B12C /* Sources */ = {
			isa = PBXSourcesBuildPhase;
			buildActionMask = 2147483647;
			files = (
			);
			runOnlyForDeploymentPostprocessing = 0;
		};
		7D204CCB2D33C45F00C7B12C /* Sources */ = {
			isa = PBXSourcesBuildPhase;
			buildActionMask = 2147483647;
			files = (
			);
			runOnlyForDeploymentPostprocessing = 0;
		};
		7D204CD52D33C45F00C7B12C /* Sources */ = {
			isa = PBXSourcesBuildPhase;
			buildActionMask = 2147483647;
			files = (
			);
			runOnlyForDeploymentPostprocessing = 0;
		};
/* End PBXSourcesBuildPhase section */

/* Begin PBXTargetDependency section */
		7D204CD12D33C45F00C7B12C /* PBXTargetDependency */ = {
			isa = PBXTargetDependency;
			target = 7D204CB82D33C45D00C7B12C /* Currency Exchange */;
			targetProxy = 7D204CD02D33C45F00C7B12C /* PBXContainerItemProxy */;
		};
		7D204CDB2D33C45F00C7B12C /* PBXTargetDependency */ = {
			isa = PBXTargetDependency;
			target = 7D204CB82D33C45D00C7B12C /* Currency Exchange */;
			targetProxy = 7D204CDA2D33C45F00C7B12C /* PBXContainerItemProxy */;
		};
/* End PBXTargetDependency section */

/* Begin XCBuildConfiguration section */
		7D204CE32D33C45F00C7B12C /* Debug */ = {
			isa = XCBuildConfiguration;
			baseConfigurationReference = 051B71D8CCB82BAD93C952E7 /* Pods-Currency Exchange.debug.xcconfig */;
			buildSettings = {
				ASSETCATALOG_COMPILER_APPICON_NAME = AppIcon;
				ASSETCATALOG_COMPILER_GLOBAL_ACCENT_COLOR_NAME = AccentColor;
				CODE_SIGN_STYLE = Automatic;
				CURRENT_PROJECT_VERSION = 1;
				DEVELOPMENT_TEAM = 7W5XADP6ZN;
				GENERATE_INFOPLIST_FILE = YES;
				INFOPLIST_FILE = "Currency Exchange/Info.plist";
				INFOPLIST_KEY_UIApplicationSupportsIndirectInputEvents = YES;
				INFOPLIST_KEY_UILaunchStoryboardName = LaunchScreen.storyboard;
				INFOPLIST_KEY_UIMainStoryboardFile = "";
				INFOPLIST_KEY_UISupportedInterfaceOrientations_iPad = "UIInterfaceOrientationPortrait UIInterfaceOrientationPortraitUpsideDown UIInterfaceOrientationLandscapeLeft UIInterfaceOrientationLandscapeRight";
				INFOPLIST_KEY_UISupportedInterfaceOrientations_iPhone = "UIInterfaceOrientationPortrait UIInterfaceOrientationLandscapeLeft UIInterfaceOrientationLandscapeRight";
				LD_RUNPATH_SEARCH_PATHS = (
					"$(inherited)",
					"@executable_path/Frameworks",
				);
				MARKETING_VERSION = 1.0;
				PRODUCT_BUNDLE_IDENTIFIER = "com.CurrencyExchange.Currency-Exchange";
				PRODUCT_NAME = "$(TARGET_NAME)";
				SWIFT_EMIT_LOC_STRINGS = YES;
				SWIFT_VERSION = 5.0;
				TARGETED_DEVICE_FAMILY = "1,2";
			};
			name = Debug;
		};
		7D204CE42D33C45F00C7B12C /* Release */ = {
			isa = XCBuildConfiguration;
			baseConfigurationReference = 4731B926A77E8BE67A770E87 /* Pods-Currency Exchange.release.xcconfig */;
			buildSettings = {
				ASSETCATALOG_COMPILER_APPICON_NAME = AppIcon;
				ASSETCATALOG_COMPILER_GLOBAL_ACCENT_COLOR_NAME = AccentColor;
				CODE_SIGN_STYLE = Automatic;
				CURRENT_PROJECT_VERSION = 1;
				DEVELOPMENT_TEAM = 7W5XADP6ZN;
				GENERATE_INFOPLIST_FILE = YES;
				INFOPLIST_FILE = "Currency Exchange/Info.plist";
				INFOPLIST_KEY_UIApplicationSupportsIndirectInputEvents = YES;
				INFOPLIST_KEY_UILaunchStoryboardName = LaunchScreen.storyboard;
				INFOPLIST_KEY_UIMainStoryboardFile = "";
				INFOPLIST_KEY_UISupportedInterfaceOrientations_iPad = "UIInterfaceOrientationPortrait UIInterfaceOrientationPortraitUpsideDown UIInterfaceOrientationLandscapeLeft UIInterfaceOrientationLandscapeRight";
				INFOPLIST_KEY_UISupportedInterfaceOrientations_iPhone = "UIInterfaceOrientationPortrait UIInterfaceOrientationLandscapeLeft UIInterfaceOrientationLandscapeRight";
				LD_RUNPATH_SEARCH_PATHS = (
					"$(inherited)",
					"@executable_path/Frameworks",
				);
				MARKETING_VERSION = 1.0;
				PRODUCT_BUNDLE_IDENTIFIER = "com.CurrencyExchange.Currency-Exchange";
				PRODUCT_NAME = "$(TARGET_NAME)";
				SWIFT_EMIT_LOC_STRINGS = YES;
				SWIFT_VERSION = 5.0;
				TARGETED_DEVICE_FAMILY = "1,2";
			};
			name = Release;
		};
		7D204CE52D33C45F00C7B12C /* Debug */ = {
			isa = XCBuildConfiguration;
			buildSettings = {
				ALWAYS_SEARCH_USER_PATHS = NO;
				ASSETCATALOG_COMPILER_GENERATE_SWIFT_ASSET_SYMBOL_EXTENSIONS = YES;
				CLANG_ANALYZER_NONNULL = YES;
				CLANG_ANALYZER_NUMBER_OBJECT_CONVERSION = YES_AGGRESSIVE;
				CLANG_CXX_LANGUAGE_STANDARD = "gnu++20";
				CLANG_ENABLE_MODULES = YES;
				CLANG_ENABLE_OBJC_ARC = YES;
				CLANG_ENABLE_OBJC_WEAK = YES;
				CLANG_WARN_BLOCK_CAPTURE_AUTORELEASING = YES;
				CLANG_WARN_BOOL_CONVERSION = YES;
				CLANG_WARN_COMMA = YES;
				CLANG_WARN_CONSTANT_CONVERSION = YES;
				CLANG_WARN_DEPRECATED_OBJC_IMPLEMENTATIONS = YES;
				CLANG_WARN_DIRECT_OBJC_ISA_USAGE = YES_ERROR;
				CLANG_WARN_DOCUMENTATION_COMMENTS = YES;
				CLANG_WARN_EMPTY_BODY = YES;
				CLANG_WARN_ENUM_CONVERSION = YES;
				CLANG_WARN_INFINITE_RECURSION = YES;
				CLANG_WARN_INT_CONVERSION = YES;
				CLANG_WARN_NON_LITERAL_NULL_CONVERSION = YES;
				CLANG_WARN_OBJC_IMPLICIT_RETAIN_SELF = YES;
				CLANG_WARN_OBJC_LITERAL_CONVERSION = YES;
				CLANG_WARN_OBJC_ROOT_CLASS = YES_ERROR;
				CLANG_WARN_QUOTED_INCLUDE_IN_FRAMEWORK_HEADER = YES;
				CLANG_WARN_RANGE_LOOP_ANALYSIS = YES;
				CLANG_WARN_STRICT_PROTOTYPES = YES;
				CLANG_WARN_SUSPICIOUS_MOVE = YES;
				CLANG_WARN_UNGUARDED_AVAILABILITY = YES_AGGRESSIVE;
				CLANG_WARN_UNREACHABLE_CODE = YES;
				CLANG_WARN__DUPLICATE_METHOD_MATCH = YES;
				COPY_PHASE_STRIP = NO;
				DEBUG_INFORMATION_FORMAT = dwarf;
				ENABLE_STRICT_OBJC_MSGSEND = YES;
				ENABLE_TESTABILITY = YES;
				ENABLE_USER_SCRIPT_SANDBOXING = YES;
				GCC_C_LANGUAGE_STANDARD = gnu17;
				GCC_DYNAMIC_NO_PIC = NO;
				GCC_NO_COMMON_BLOCKS = YES;
				GCC_OPTIMIZATION_LEVEL = 0;
				GCC_PREPROCESSOR_DEFINITIONS = (
					"DEBUG=1",
					"$(inherited)",
				);
				GCC_WARN_64_TO_32_BIT_CONVERSION = YES;
				GCC_WARN_ABOUT_RETURN_TYPE = YES_ERROR;
				GCC_WARN_UNDECLARED_SELECTOR = YES;
				GCC_WARN_UNINITIALIZED_AUTOS = YES_AGGRESSIVE;
				GCC_WARN_UNUSED_FUNCTION = YES;
				GCC_WARN_UNUSED_VARIABLE = YES;
				IPHONEOS_DEPLOYMENT_TARGET = 18.2;
				LOCALIZATION_PREFERS_STRING_CATALOGS = YES;
				MTL_ENABLE_DEBUG_INFO = INCLUDE_SOURCE;
				MTL_FAST_MATH = YES;
				ONLY_ACTIVE_ARCH = YES;
				SDKROOT = iphoneos;
				SWIFT_ACTIVE_COMPILATION_CONDITIONS = "DEBUG $(inherited)";
				SWIFT_OPTIMIZATION_LEVEL = "-Onone";
			};
			name = Debug;
		};
		7D204CE62D33C45F00C7B12C /* Release */ = {
			isa = XCBuildConfiguration;
			buildSettings = {
				ALWAYS_SEARCH_USER_PATHS = NO;
				ASSETCATALOG_COMPILER_GENERATE_SWIFT_ASSET_SYMBOL_EXTENSIONS = YES;
				CLANG_ANALYZER_NONNULL = YES;
				CLANG_ANALYZER_NUMBER_OBJECT_CONVERSION = YES_AGGRESSIVE;
				CLANG_CXX_LANGUAGE_STANDARD = "gnu++20";
				CLANG_ENABLE_MODULES = YES;
				CLANG_ENABLE_OBJC_ARC = YES;
				CLANG_ENABLE_OBJC_WEAK = YES;
				CLANG_WARN_BLOCK_CAPTURE_AUTORELEASING = YES;
				CLANG_WARN_BOOL_CONVERSION = YES;
				CLANG_WARN_COMMA = YES;
				CLANG_WARN_CONSTANT_CONVERSION = YES;
				CLANG_WARN_DEPRECATED_OBJC_IMPLEMENTATIONS = YES;
				CLANG_WARN_DIRECT_OBJC_ISA_USAGE = YES_ERROR;
				CLANG_WARN_DOCUMENTATION_COMMENTS = YES;
				CLANG_WARN_EMPTY_BODY = YES;
				CLANG_WARN_ENUM_CONVERSION = YES;
				CLANG_WARN_INFINITE_RECURSION = YES;
				CLANG_WARN_INT_CONVERSION = YES;
				CLANG_WARN_NON_LITERAL_NULL_CONVERSION = YES;
				CLANG_WARN_OBJC_IMPLICIT_RETAIN_SELF = YES;
				CLANG_WARN_OBJC_LITERAL_CONVERSION = YES;
				CLANG_WARN_OBJC_ROOT_CLASS = YES_ERROR;
				CLANG_WARN_QUOTED_INCLUDE_IN_FRAMEWORK_HEADER = YES;
				CLANG_WARN_RANGE_LOOP_ANALYSIS = YES;
				CLANG_WARN_STRICT_PROTOTYPES = YES;
				CLANG_WARN_SUSPICIOUS_MOVE = YES;
				CLANG_WARN_UNGUARDED_AVAILABILITY = YES_AGGRESSIVE;
				CLANG_WARN_UNREACHABLE_CODE = YES;
				CLANG_WARN__DUPLICATE_METHOD_MATCH = YES;
				COPY_PHASE_STRIP = NO;
				DEBUG_INFORMATION_FORMAT = "dwarf-with-dsym";
				ENABLE_NS_ASSERTIONS = NO;
				ENABLE_STRICT_OBJC_MSGSEND = YES;
				ENABLE_USER_SCRIPT_SANDBOXING = YES;
				GCC_C_LANGUAGE_STANDARD = gnu17;
				GCC_NO_COMMON_BLOCKS = YES;
				GCC_WARN_64_TO_32_BIT_CONVERSION = YES;
				GCC_WARN_ABOUT_RETURN_TYPE = YES_ERROR;
				GCC_WARN_UNDECLARED_SELECTOR = YES;
				GCC_WARN_UNINITIALIZED_AUTOS = YES_AGGRESSIVE;
				GCC_WARN_UNUSED_FUNCTION = YES;
				GCC_WARN_UNUSED_VARIABLE = YES;
				IPHONEOS_DEPLOYMENT_TARGET = 18.2;
				LOCALIZATION_PREFERS_STRING_CATALOGS = YES;
				MTL_ENABLE_DEBUG_INFO = NO;
				MTL_FAST_MATH = YES;
				SDKROOT = iphoneos;
				SWIFT_COMPILATION_MODE = wholemodule;
				VALIDATE_PRODUCT = YES;
			};
			name = Release;
		};
		7D204CE82D33C45F00C7B12C /* Debug */ = {
			isa = XCBuildConfiguration;
			buildSettings = {
				BUNDLE_LOADER = "$(TEST_HOST)";
				CLANG_ENABLE_MODULES = YES;
				CODE_SIGN_STYLE = Automatic;
				CURRENT_PROJECT_VERSION = 1;
				DEVELOPMENT_TEAM = 7W5XADP6ZN;
				GENERATE_INFOPLIST_FILE = YES;
				IPHONEOS_DEPLOYMENT_TARGET = 18.2;
				MARKETING_VERSION = 1.0;
				PRODUCT_BUNDLE_IDENTIFIER = "com.CurrencyExchange.Currency-ExchangeTests";
				PRODUCT_NAME = "$(TARGET_NAME)";
				SWIFT_EMIT_LOC_STRINGS = NO;
				SWIFT_OBJC_BRIDGING_HEADER = "Currency ExchangeTests/Currency ExchangeTests-Bridging-Header.h";
				SWIFT_OPTIMIZATION_LEVEL = "-Onone";
				SWIFT_VERSION = 5.0;
				TARGETED_DEVICE_FAMILY = "1,2";
				TEST_HOST = "$(BUILT_PRODUCTS_DIR)/Currency Exchange.app/$(BUNDLE_EXECUTABLE_FOLDER_PATH)/Currency Exchange";
			};
			name = Debug;
		};
		7D204CE92D33C45F00C7B12C /* Release */ = {
			isa = XCBuildConfiguration;
			buildSettings = {
				BUNDLE_LOADER = "$(TEST_HOST)";
				CLANG_ENABLE_MODULES = YES;
				CODE_SIGN_STYLE = Automatic;
				CURRENT_PROJECT_VERSION = 1;
				DEVELOPMENT_TEAM = 7W5XADP6ZN;
				GENERATE_INFOPLIST_FILE = YES;
				IPHONEOS_DEPLOYMENT_TARGET = 18.2;
				MARKETING_VERSION = 1.0;
				PRODUCT_BUNDLE_IDENTIFIER = "com.CurrencyExchange.Currency-ExchangeTests";
				PRODUCT_NAME = "$(TARGET_NAME)";
				SWIFT_EMIT_LOC_STRINGS = NO;
				SWIFT_OBJC_BRIDGING_HEADER = "Currency ExchangeTests/Currency ExchangeTests-Bridging-Header.h";
				SWIFT_VERSION = 5.0;
				TARGETED_DEVICE_FAMILY = "1,2";
				TEST_HOST = "$(BUILT_PRODUCTS_DIR)/Currency Exchange.app/$(BUNDLE_EXECUTABLE_FOLDER_PATH)/Currency Exchange";
			};
			name = Release;
		};
		7D204CEB2D33C45F00C7B12C /* Debug */ = {
			isa = XCBuildConfiguration;
			buildSettings = {
				CODE_SIGN_STYLE = Automatic;
				CURRENT_PROJECT_VERSION = 1;
				DEVELOPMENT_TEAM = 7W5XADP6ZN;
				GENERATE_INFOPLIST_FILE = YES;
				MARKETING_VERSION = 1.0;
				PRODUCT_BUNDLE_IDENTIFIER = "com.CurrencyExchange.Currency-ExchangeUITests";
				PRODUCT_NAME = "$(TARGET_NAME)";
				SWIFT_EMIT_LOC_STRINGS = NO;
				SWIFT_VERSION = 5.0;
				TARGETED_DEVICE_FAMILY = "1,2";
				TEST_TARGET_NAME = "Currency Exchange";
			};
			name = Debug;
		};
		7D204CEC2D33C45F00C7B12C /* Release */ = {
			isa = XCBuildConfiguration;
			buildSettings = {
				CODE_SIGN_STYLE = Automatic;
				CURRENT_PROJECT_VERSION = 1;
				DEVELOPMENT_TEAM = 7W5XADP6ZN;
				GENERATE_INFOPLIST_FILE = YES;
				MARKETING_VERSION = 1.0;
				PRODUCT_BUNDLE_IDENTIFIER = "com.CurrencyExchange.Currency-ExchangeUITests";
				PRODUCT_NAME = "$(TARGET_NAME)";
				SWIFT_EMIT_LOC_STRINGS = NO;
				SWIFT_VERSION = 5.0;
				TARGETED_DEVICE_FAMILY = "1,2";
				TEST_TARGET_NAME = "Currency Exchange";
			};
			name = Release;
		};
/* End XCBuildConfiguration section */

/* Begin XCConfigurationList section */
		7D204CB42D33C45D00C7B12C /* Build configuration list for PBXProject "Currency Exchange" */ = {
			isa = XCConfigurationList;
			buildConfigurations = (
				7D204CE52D33C45F00C7B12C /* Debug */,
				7D204CE62D33C45F00C7B12C /* Release */,
			);
			defaultConfigurationIsVisible = 0;
			defaultConfigurationName = Release;
		};
		7D204CE22D33C45F00C7B12C /* Build configuration list for PBXNativeTarget "Currency Exchange" */ = {
			isa = XCConfigurationList;
			buildConfigurations = (
				7D204CE32D33C45F00C7B12C /* Debug */,
				7D204CE42D33C45F00C7B12C /* Release */,
			);
			defaultConfigurationIsVisible = 0;
			defaultConfigurationName = Release;
		};
		7D204CE72D33C45F00C7B12C /* Build configuration list for PBXNativeTarget "Currency ExchangeTests" */ = {
			isa = XCConfigurationList;
			buildConfigurations = (
				7D204CE82D33C45F00C7B12C /* Debug */,
				7D204CE92D33C45F00C7B12C /* Release */,
			);
			defaultConfigurationIsVisible = 0;
			defaultConfigurationName = Release;
		};
		7D204CEA2D33C45F00C7B12C /* Build configuration list for PBXNativeTarget "Currency ExchangeUITests" */ = {
			isa = XCConfigurationList;
			buildConfigurations = (
				7D204CEB2D33C45F00C7B12C /* Debug */,
				7D204CEC2D33C45F00C7B12C /* Release */,
			);
			defaultConfigurationIsVisible = 0;
			defaultConfigurationName = Release;
		};
/* End XCConfigurationList section */
	};
	rootObject = 7D204CB12D33C45D00C7B12C /* Project object */;
}
